
Microsoft Visual Studio Solution File, Format Version 12.00
# Visual Studio Version 16
VisualStudioVersion = 16.0.31019.35
MinimumVisualStudioVersion = 10.0.40219.1
Project("{FAE04EC0-301F-11D3-BF4B-00C04F79EFBC}") = "ChatFileManagement", "ChatFileManagement\ChatFileManagement.csproj", "{12CAD407-B280-4948-A6F3-1889F025345F}"
EndProject
Global
	GlobalSection(SolutionConfigurationPlatforms) = preSolution
		Debug|Any CPU = Debug|Any CPU
		Release|Any CPU = Release|Any CPU
	EndGlobalSection
	GlobalSection(ProjectConfigurationPlatforms) = postSolution
		{12CAD407-B280-4948-A6F3-1889F025345F}.Debug|Any CPU.ActiveCfg = Debug|Any CPU
		{12CAD407-B280-4948-A6F3-1889F025345F}.Debug|Any CPU.Build.0 = Debug|Any CPU
		{12CAD407-B280-4948-A6F3-1889F025345F}.Release|Any CPU.ActiveCfg = Release|Any CPU
		{12CAD407-B280-4948-A6F3-1889F025345F}.Release|Any CPU.Build.0 = Release|Any CPU
	EndGlobalSection
	GlobalSection(SolutionProperties) = preSolution
		HideSolutionNode = FALSE
	EndGlobalSection
	GlobalSection(ExtensibilityGlobals) = postSolution
		SolutionGuid = {478C3B30-D650-40DA-A6D1-5B1C1439CD36}
	EndGlobalSection
EndGlobal
